
Microsoft Visual Studio Solution File, Format Version 12.00
# Visual Studio Version 16
VisualStudioVersion = 16.0.30907.101
MinimumVisualStudioVersion = 10.0.40219.1
Project("{FAE04EC0-301F-11D3-BF4B-00C04F79EFBC}") = "task6", "task6\task6.csproj", "{3153DEE6-2F44-43EE-A023-7D1B132A6FED}"
EndProject
Global
	GlobalSection(SolutionConfigurationPlatforms) = preSolution
		Debug|Any CPU = Debug|Any CPU
		Release|Any CPU = Release|Any CPU
	EndGlobalSection
	GlobalSection(ProjectConfigurationPlatforms) = postSolution
		{3153DEE6-2F44-43EE-A023-7D1B132A6FED}.Debug|Any CPU.ActiveCfg = Debug|Any CPU
		{3153DEE6-2F44-43EE-A023-7D1B132A6FED}.Debug|Any CPU.Build.0 = Debug|Any CPU
		{3153DEE6-2F44-43EE-A023-7D1B132A6FED}.Release|Any CPU.ActiveCfg = Release|Any CPU
		{3153DEE6-2F44-43EE-A023-7D1B132A6FED}.Release|Any CPU.Build.0 = Release|Any CPU
	EndGlobalSection
	GlobalSection(SolutionProperties) = preSolution
		HideSolutionNode = FALSE
	EndGlobalSection
	GlobalSection(ExtensibilityGlobals) = postSolution
		SolutionGuid = {9F4A03AD-6B38-4C01-BA7C-C3E2EDA3F286}
	EndGlobalSection
EndGlobal
